// !$*UTF8*$!
{
	archiveVersion = 1;
	classes = {
	};
	objectVersion = 50;
	objects = {

/* Begin PBXBuildFile section */
		C2D1B8D2245DA29C007EA064 /* AppDelegate.swift in Sources */ = {isa = PBXBuildFile; fileRef = C2D1B8D1245DA29C007EA064 /* AppDelegate.swift */; };
		C2D1B8D4245DA29C007EA064 /* ContentView.swift in Sources */ = {isa = PBXBuildFile; fileRef = C2D1B8D3245DA29C007EA064 /* ContentView.swift */; };
		C2D1B8D6245DA2A1007EA064 /* Assets.xcassets in Resources */ = {isa = PBXBuildFile; fileRef = C2D1B8D5245DA2A1007EA064 /* Assets.xcassets */; };
		C2D1B8D9245DA2A1007EA064 /* Preview Assets.xcassets in Resources */ = {isa = PBXBuildFile; fileRef = C2D1B8D8245DA2A1007EA064 /* Preview Assets.xcassets */; };
		C2D1B8DC245DA2A1007EA064 /* Main.storyboard in Resources */ = {isa = PBXBuildFile; fileRef = C2D1B8DA245DA2A1007EA064 /* Main.storyboard */; };
/* End PBXBuildFile section */

/* Begin PBXFileReference section */
		C2D1B8CE245DA29C007EA064 /* Freedom.app */ = {isa = PBXFileReference; explicitFileType = wrapper.application; includeInIndex = 0; path = Freedom.app; sourceTree = BUILT_PRODUCTS_DIR; };
		C2D1B8D1245DA29C007EA064 /* AppDelegate.swift */ = {isa = PBXFileReference; lastKnownFileType = sourcecode.swift; path = AppDelegate.swift; sourceTree = "<group>"; };
		C2D1B8D3245DA29C007EA064 /* ContentView.swift */ = {isa = PBXFileReference; lastKnownFileType = sourcecode.swift; path = ContentView.swift; sourceTree = "<group>"; };
		C2D1B8D5245DA2A1007EA064 /* Assets.xcassets */ = {isa = PBXFileReference; lastKnownFileType = folder.assetcatalog; path = Assets.xcassets; sourceTree = "<group>"; };
		C2D1B8D8245DA2A1007EA064 /* Preview Assets.xcassets */ = {isa = PBXFileReference; lastKnownFileType = folder.assetcatalog; path = "Preview Assets.xcassets"; sourceTree = "<group>"; };
		C2D1B8DB245DA2A1007EA064 /* Base */ = {isa = PBXFileReference; lastKnownFileType = file.storyboard; name = Base; path = Base.lproj/Main.storyboard; sourceTree = "<group>"; };
		C2D1B8DD245DA2A1007EA064 /* Info.plist */ = {isa = PBXFileReference; lastKnownFileType = text.plist.xml; path = Info.plist; sourceTree = "<group>"; };
		C2D1B8DE245DA2A1007EA064 /* Freedom.entitlements */ = {isa = PBXFileReference; lastKnownFileType = text.plist.entitlements; path = Freedom.entitlements; sourceTree = "<group>"; };
/* End PBXFileReference section */

/* Begin PBXFrameworksBuildPhase section */
		C2D1B8CB245DA29C007EA064 /* Frameworks */ = {
			isa = PBXFrameworksBuildPhase;
			buildActionMask = 2147483647;
			files = (
			);
			runOnlyForDeploymentPostprocessing = 0;
		};
/* End PBXFrameworksBuildPhase section */

/* Begin PBXGroup section */
		C2D1B8C5245DA29C007EA064 = {
			isa = PBXGroup;
			children = (
				C2D1B8D0245DA29C007EA064 /* Freedom */,
				C2D1B8CF245DA29C007EA064 /* Products */,
			);
			sourceTree = "<group>";
		};
		C2D1B8CF245DA29C007EA064 /* Products */ = {
			isa = PBXGroup;
			children = (
				C2D1B8CE245DA29C007EA064 /* Freedom.app */,
			);
			name = Products;
			sourceTree = "<group>";
		};
		C2D1B8D0245DA29C007EA064 /* Freedom */ = {
			isa = PBXGroup;
			children = (
				C2D1B8D1245DA29C007EA064 /* AppDelegate.swift */,
				C2D1B8D3245DA29C007EA064 /* ContentView.swift */,
				C2D1B8D5245DA2A1007EA064 /* Assets.xcassets */,
				C2D1B8DA245DA2A1007EA064 /* Main.storyboard */,
				C2D1B8DD245DA2A1007EA064 /* Info.plist */,
				C2D1B8DE245DA2A1007EA064 /* Freedom.entitlements */,
				C2D1B8D7245DA2A1007EA064 /* Preview Content */,
			);
			path = Freedom;
			sourceTree = "<group>";
		};
		C2D1B8D7245DA2A1007EA064 /* Preview Content */ = {
			isa = PBXGroup;
			children = (
				C2D1B8D8245DA2A1007EA064 /* Preview Assets.xcassets */,
			);
			path = "Preview Content";
			sourceTree = "<group>";
		};
/* End PBXGroup section */

/* Begin PBXNativeTarget section */
		C2D1B8CD245DA29C007EA064 /* Freedom */ = {
			isa = PBXNativeTarget;
			buildConfigurationList = C2D1B8E1245DA2A1007EA064 /* Build configuration list for PBXNativeTarget "Freedom" */;
			buildPhases = (
				C2D1B8CA245DA29C007EA064 /* Sources */,
				C2D1B8CB245DA29C007EA064 /* Frameworks */,
				C2D1B8CC245DA29C007EA064 /* Resources */,
			);
			buildRules = (
			);
			dependencies = (
			);
			name = Freedom;
			productName = Freedom;
			productReference = C2D1B8CE245DA29C007EA064 /* Freedom.app */;
			productType = "com.apple.product-type.application";
		};
/* End PBXNativeTarget section */

/* Begin PBXProject section */
		C2D1B8C6245DA29C007EA064 /* Project object */ = {
			isa = PBXProject;
			attributes = {
				LastSwiftUpdateCheck = 1140;
				LastUpgradeCheck = 1140;
				ORGANIZATIONNAME = "FreedomJB Team";
				TargetAttributes = {
					C2D1B8CD245DA29C007EA064 = {
						CreatedOnToolsVersion = 11.4.1;
					};
				};
			};
			buildConfigurationList = C2D1B8C9245DA29C007EA064 /* Build configuration list for PBXProject "Freedom" */;
			compatibilityVersion = "Xcode 9.3";
			developmentRegion = en;
			hasScannedForEncodings = 0;
			knownRegions = (
				en,
				Base,
			);
			mainGroup = C2D1B8C5245DA29C007EA064;
			productRefGroup = C2D1B8CF245DA29C007EA064 /* Products */;
			projectDirPath = "";
			projectRoot = "";
			targets = (
				C2D1B8CD245DA29C007EA064 /* Freedom */,
			);
		};
/* End PBXProject section */

/* Begin PBXResourcesBuildPhase section */
		C2D1B8CC245DA29C007EA064 /* Resources */ = {
			isa = PBXResourcesBuildPhase;
			buildActionMask = 2147483647;
			files = (
				C2D1B8DC245DA2A1007EA064 /* Main.storyboard in Resources */,
				C2D1B8D9245DA2A1007EA064 /* Preview Assets.xcassets in Resources */,
				C2D1B8D6245DA2A1007EA064 /* Assets.xcassets in Resources */,
			);
			runOnlyForDeploymentPostprocessing = 0;
		};
/* End PBXResourcesBuildPhase section */

/* Begin PBXSourcesBuildPhase section */
		C2D1B8CA245DA29C007EA064 /* Sources */ = {
			isa = PBXSourcesBuildPhase;
			buildActionMask = 2147483647;
			files = (
				C2D1B8D4245DA29C007EA064 /* ContentView.swift in Sources */,
				C2D1B8D2245DA29C007EA064 /* AppDelegate.swift in Sources */,
			);
			runOnlyForDeploymentPostprocessing = 0;
		};
/* End PBXSourcesBuildPhase section */

/* Begin PBXVariantGroup section */
		C2D1B8DA245DA2A1007EA064 /* Main.storyboard */ = {
			isa = PBXVariantGroup;
			children = (
				C2D1B8DB245DA2A1007EA064 /* Base */,
			);
			name = Main.storyboard;
			sourceTree = "<group>";
		};
/* End PBXVariantGroup section */

/* Begin XCBuildConfiguration section */
		C2D1B8DF245DA2A1007EA064 /* Debug */ = {
			isa = XCBuildConfiguration;
			buildSettings = {
				ALWAYS_SEARCH_USER_PATHS = NO;
				CLANG_ANALYZER_NONNULL = YES;
				CLANG_ANALYZER_NUMBER_OBJECT_CONVERSION = YES_AGGRESSIVE;
				CLANG_CXX_LANGUAGE_STANDARD = "gnu++14";
				CLANG_CXX_LIBRARY = "libc++";
				CLANG_ENABLE_MODULES = YES;
				CLANG_ENABLE_OBJC_ARC = YES;
				CLANG_ENABLE_OBJC_WEAK = YES;
				CLANG_WARN_BLOCK_CAPTURE_AUTORELEASING = YES;
				CLANG_WARN_BOOL_CONVERSION = YES;
				CLANG_WARN_COMMA = YES;
				CLANG_WARN_CONSTANT_CONVERSION = YES;
				CLANG_WARN_DEPRECATED_OBJC_IMPLEMENTATIONS = YES;
				CLANG_WARN_DIRECT_OBJC_ISA_USAGE = YES_ERROR;
				CLANG_WARN_DOCUMENTATION_COMMENTS = YES;
				CLANG_WARN_EMPTY_BODY = YES;
				CLANG_WARN_ENUM_CONVERSION = YES;
				CLANG_WARN_INFINITE_RECURSION = YES;
				CLANG_WARN_INT_CONVERSION = YES;
				CLANG_WARN_NON_LITERAL_NULL_CONVERSION = YES;
				CLANG_WARN_OBJC_IMPLICIT_RETAIN_SELF = YES;
				CLANG_WARN_OBJC_LITERAL_CONVERSION = YES;
				CLANG_WARN_OBJC_ROOT_CLASS = YES_ERROR;
				CLANG_WARN_RANGE_LOOP_ANALYSIS = YES;
				CLANG_WARN_STRICT_PROTOTYPES = YES;
				CLANG_WARN_SUSPICIOUS_MOVE = YES;
				CLANG_WARN_UNGUARDED_AVAILABILITY = YES_AGGRESSIVE;
				CLANG_WARN_UNREACHABLE_CODE = YES;
				CLANG_WARN__DUPLICATE_METHOD_MATCH = YES;
				COPY_PHASE_STRIP = NO;
				DEBUG_INFORMATION_FORMAT = dwarf;
				ENABLE_STRICT_OBJC_MSGSEND = YES;
				ENABLE_TESTABILITY = YES;
				GCC_C_LANGUAGE_STANDARD = gnu11;
				GCC_DYNAMIC_NO_PIC = NO;
				GCC_NO_COMMON_BLOCKS = YES;
				GCC_OPTIMIZATION_LEVEL = 0;
				GCC_PREPROCESSOR_DEFINITIONS = (
					"DEBUG=1",
					"$(inherited)",
				);
				GCC_WARN_64_TO_32_BIT_CONVERSION = YES;
				GCC_WARN_ABOUT_RETURN_TYPE = YES_ERROR;
				GCC_WARN_UNDECLARED_SELECTOR = YES;
				GCC_WARN_UNINITIALIZED_AUTOS = YES_AGGRESSIVE;
				GCC_WARN_UNUSED_FUNCTION = YES;
				GCC_WARN_UNUSED_VARIABLE = YES;
				MACOSX_DEPLOYMENT_TARGET = 10.15;
				MTL_ENABLE_DEBUG_INFO = INCLUDE_SOURCE;
				MTL_FAST_MATH = YES;
				ONLY_ACTIVE_ARCH = YES;
				SDKROOT = macosx;
				SWIFT_ACTIVE_COMPILATION_CONDITIONS = DEBUG;
				SWIFT_OPTIMIZATION_LEVEL = "-Onone";
			};
			name = Debug;
		};
		C2D1B8E0245DA2A1007EA064 /* Release */ = {
			isa = XCBuildConfiguration;
			buildSettings = {
				ALWAYS_SEARCH_USER_PATHS = NO;
				CLANG_ANALYZER_NONNULL = YES;
				CLANG_ANALYZER_NUMBER_OBJECT_CONVERSION = YES_AGGRESSIVE;
				CLANG_CXX_LANGUAGE_STANDARD = "gnu++14";
				CLANG_CXX_LIBRARY = "libc++";
				CLANG_ENABLE_MODULES = YES;
				CLANG_ENABLE_OBJC_ARC = YES;
				CLANG_ENABLE_OBJC_WEAK = YES;
				CLANG_WARN_BLOCK_CAPTURE_AUTORELEASING = YES;
				CLANG_WARN_BOOL_CONVERSION = YES;
				CLANG_WARN_COMMA = YES;
				CLANG_WARN_CONSTANT_CONVERSION = YES;
				CLANG_WARN_DEPRECATED_OBJC_IMPLEMENTATIONS = YES;
				CLANG_WARN_DIRECT_OBJC_ISA_USAGE = YES_ERROR;
				CLANG_WARN_DOCUMENTATION_COMMENTS = YES;
				CLANG_WARN_EMPTY_BODY = YES;
				CLANG_WARN_ENUM_CONVERSION = YES;
				CLANG_WARN_INFINITE_RECURSION = YES;
				CLANG_WARN_INT_CONVERSION = YES;
				CLANG_WARN_NON_LITERAL_NULL_CONVERSION = YES;
				CLANG_WARN_OBJC_IMPLICIT_RETAIN_SELF = YES;
				CLANG_WARN_OBJC_LITERAL_CONVERSION = YES;
				CLANG_WARN_OBJC_ROOT_CLASS = YES_ERROR;
				CLANG_WARN_RANGE_LOOP_ANALYSIS = YES;
				CLANG_WARN_STRICT_PROTOTYPES = YES;
				CLANG_WARN_SUSPICIOUS_MOVE = YES;
				CLANG_WARN_UNGUARDED_AVAILABILITY = YES_AGGRESSIVE;
				CLANG_WARN_UNREACHABLE_CODE = YES;
				CLANG_WARN__DUPLICATE_METHOD_MATCH = YES;
				COPY_PHASE_STRIP = NO;
				DEBUG_INFORMATION_FORMAT = "dwarf-with-dsym";
				ENABLE_NS_ASSERTIONS = NO;
				ENABLE_STRICT_OBJC_MSGSEND = YES;
				GCC_C_LANGUAGE_STANDARD = gnu11;
				GCC_NO_COMMON_BLOCKS = YES;
				GCC_WARN_64_TO_32_BIT_CONVERSION = YES;
				GCC_WARN_ABOUT_RETURN_TYPE = YES_ERROR;
				GCC_WARN_UNDECLARED_SELECTOR = YES;
				GCC_WARN_UNINITIALIZED_AUTOS = YES_AGGRESSIVE;
				GCC_WARN_UNUSED_FUNCTION = YES;
				GCC_WARN_UNUSED_VARIABLE = YES;
				MACOSX_DEPLOYMENT_TARGET = 10.15;
				MTL_ENABLE_DEBUG_INFO = NO;
				MTL_FAST_MATH = YES;
				SDKROOT = macosx;
				SWIFT_COMPILATION_MODE = wholemodule;
				SWIFT_OPTIMIZATION_LEVEL = "-O";
			};
			name = Release;
		};
		C2D1B8E2245DA2A1007EA064 /* Debug */ = {
			isa = XCBuildConfiguration;
			buildSettings = {
				ASSETCATALOG_COMPILER_APPICON_NAME = AppIcon;
				CODE_SIGN_ENTITLEMENTS = Freedom/Freedom.entitlements;
				CODE_SIGN_STYLE = Automatic;
				COMBINE_HIDPI_IMAGES = YES;
				DEVELOPMENT_ASSET_PATHS = "\"Freedom/Preview Content\"";
				ENABLE_PREVIEWS = YES;
				INFOPLIST_FILE = Freedom/Info.plist;
				LD_RUNPATH_SEARCH_PATHS = (
					"$(inherited)",
					"@executable_path/../Frameworks",
				);
				MACOSX_DEPLOYMENT_TARGET = 10.15;
				PRODUCT_BUNDLE_IDENTIFIER = com.KimJongUn.Freedom;
				PRODUCT_NAME = "$(TARGET_NAME)";
				SWIFT_VERSION = 5.0;
			};
			name = Debug;
		};
		C2D1B8E3245DA2A1007EA064 /* Release */ = {
			isa = XCBuildConfiguration;
			buildSettings = {
				ASSETCATALOG_COMPILER_APPICON_NAME = AppIcon;
				CODE_SIGN_ENTITLEMENTS = Freedom/Freedom.entitlements;
				CODE_SIGN_STYLE = Automatic;
				COMBINE_HIDPI_IMAGES = YES;
				DEVELOPMENT_ASSET_PATHS = "\"Freedom/Preview Content\"";
				ENABLE_PREVIEWS = YES;
				INFOPLIST_FILE = Freedom/Info.plist;
				LD_RUNPATH_SEARCH_PATHS = (
					"$(inherited)",
					"@executable_path/../Frameworks",
				);
				MACOSX_DEPLOYMENT_TARGET = 10.15;
				PRODUCT_BUNDLE_IDENTIFIER = com.KimJongUn.Freedom;
				PRODUCT_NAME = "$(TARGET_NAME)";
				SWIFT_VERSION = 5.0;
			};
			name = Release;
		};
/* End XCBuildConfiguration section */

/* Begin XCConfigurationList section */
		C2D1B8C9245DA29C007EA064 /* Build configuration list for PBXProject "Freedom" */ = {
			isa = XCConfigurationList;
			buildConfigurations = (
				C2D1B8DF245DA2A1007EA064 /* Debug */,
				C2D1B8E0245DA2A1007EA064 /* Release */,
			);
			defaultConfigurationIsVisible = 0;
			defaultConfigurationName = Release;
		};
		C2D1B8E1245DA2A1007EA064 /* Build configuration list for PBXNativeTarget "Freedom" */ = {
			isa = XCConfigurationList;
			buildConfigurations = (
				C2D1B8E2245DA2A1007EA064 /* Debug */,
				C2D1B8E3245DA2A1007EA064 /* Release */,
			);
			defaultConfigurationIsVisible = 0;
			defaultConfigurationName = Release;
		};
/* End XCConfigurationList section */
	};
	rootObject = C2D1B8C6245DA29C007EA064 /* Project object */;
}
